// !$*UTF8*$!
{
	archiveVersion = 1;
	classes = {
	};
	objectVersion = 46;
	objects = {

/* Begin PBXBuildFile section */
		C055E8581EAE5F5D00BF5933 /* main.m in Sources */ = {isa = PBXBuildFile; fileRef = C055E8571EAE5F5D00BF5933 /* main.m */; };
		C055E85B1EAE5F5D00BF5933 /* AppDelegate.m in Sources */ = {isa = PBXBuildFile; fileRef = C055E85A1EAE5F5D00BF5933 /* AppDelegate.m */; };
		C055E85E1EAE5F5D00BF5933 /* ViewController.m in Sources */ = {isa = PBXBuildFile; fileRef = C055E85D1EAE5F5D00BF5933 /* ViewController.m */; };
		C055E8641EAE5F5D00BF5933 /* CoreDataHotel.xcdatamodeld in Sources */ = {isa = PBXBuildFile; fileRef = C055E8621EAE5F5D00BF5933 /* CoreDataHotel.xcdatamodeld */; };
		C055E8661EAE5F5D00BF5933 /* Assets.xcassets in Resources */ = {isa = PBXBuildFile; fileRef = C055E8651EAE5F5D00BF5933 /* Assets.xcassets */; };
		C055E8691EAE5F5D00BF5933 /* LaunchScreen.storyboard in Resources */ = {isa = PBXBuildFile; fileRef = C055E8671EAE5F5D00BF5933 /* LaunchScreen.storyboard */; };
		C055E8721EAE6D2B00BF5933 /* AutoLayout.m in Sources */ = {isa = PBXBuildFile; fileRef = C055E8711EAE6D2B00BF5933 /* AutoLayout.m */; };
		C055E8741EAE951D00BF5933 /* hotels.json in Resources */ = {isa = PBXBuildFile; fileRef = C055E8731EAE951D00BF5933 /* hotels.json */; };
		C056BAFF1EAEA4850023D52C /* HotelsViewController.m in Sources */ = {isa = PBXBuildFile; fileRef = C056BAFE1EAEA4850023D52C /* HotelsViewController.m */; };
		C056BB051EAEC7DE0023D52C /* RoomsViewController.m in Sources */ = {isa = PBXBuildFile; fileRef = C056BB041EAEC7DE0023D52C /* RoomsViewController.m */; };
		C0ED434B1EAFC8AB008882F6 /* DatePickerViewController.m in Sources */ = {isa = PBXBuildFile; fileRef = C0ED434A1EAFC8AB008882F6 /* DatePickerViewController.m */; };
		C0ED434E1EAFCF9A008882F6 /* AvailabilityViewController.m in Sources */ = {isa = PBXBuildFile; fileRef = C0ED434D1EAFCF99008882F6 /* AvailabilityViewController.m */; };
/* End PBXBuildFile section */

/* Begin PBXFileReference section */
		C055E8531EAE5F5D00BF5933 /* CoreDataHotel.app */ = {isa = PBXFileReference; explicitFileType = wrapper.application; includeInIndex = 0; path = CoreDataHotel.app; sourceTree = BUILT_PRODUCTS_DIR; };
		C055E8571EAE5F5D00BF5933 /* main.m */ = {isa = PBXFileReference; lastKnownFileType = sourcecode.c.objc; path = main.m; sourceTree = "<group>"; };
		C055E8591EAE5F5D00BF5933 /* AppDelegate.h */ = {isa = PBXFileReference; lastKnownFileType = sourcecode.c.h; path = AppDelegate.h; sourceTree = "<group>"; };
		C055E85A1EAE5F5D00BF5933 /* AppDelegate.m */ = {isa = PBXFileReference; lastKnownFileType = sourcecode.c.objc; path = AppDelegate.m; sourceTree = "<group>"; };
		C055E85C1EAE5F5D00BF5933 /* ViewController.h */ = {isa = PBXFileReference; lastKnownFileType = sourcecode.c.h; path = ViewController.h; sourceTree = "<group>"; };
		C055E85D1EAE5F5D00BF5933 /* ViewController.m */ = {isa = PBXFileReference; lastKnownFileType = sourcecode.c.objc; path = ViewController.m; sourceTree = "<group>"; };
		C055E8631EAE5F5D00BF5933 /* CoreDataHotel.xcdatamodel */ = {isa = PBXFileReference; lastKnownFileType = wrapper.xcdatamodel; path = CoreDataHotel.xcdatamodel; sourceTree = "<group>"; };
		C055E8651EAE5F5D00BF5933 /* Assets.xcassets */ = {isa = PBXFileReference; lastKnownFileType = folder.assetcatalog; path = Assets.xcassets; sourceTree = "<group>"; };
		C055E8681EAE5F5D00BF5933 /* Base */ = {isa = PBXFileReference; lastKnownFileType = file.storyboard; name = Base; path = Base.lproj/LaunchScreen.storyboard; sourceTree = "<group>"; };
		C055E86A1EAE5F5D00BF5933 /* Info.plist */ = {isa = PBXFileReference; lastKnownFileType = text.plist.xml; path = Info.plist; sourceTree = "<group>"; };
		C055E8701EAE6D2B00BF5933 /* AutoLayout.h */ = {isa = PBXFileReference; fileEncoding = 4; lastKnownFileType = sourcecode.c.h; path = AutoLayout.h; sourceTree = "<group>"; };
		C055E8711EAE6D2B00BF5933 /* AutoLayout.m */ = {isa = PBXFileReference; fileEncoding = 4; lastKnownFileType = sourcecode.c.objc; path = AutoLayout.m; sourceTree = "<group>"; };
		C055E8731EAE951D00BF5933 /* hotels.json */ = {isa = PBXFileReference; fileEncoding = 4; lastKnownFileType = text.json; path = hotels.json; sourceTree = "<group>"; };
		C056BAFD1EAEA4850023D52C /* HotelsViewController.h */ = {isa = PBXFileReference; fileEncoding = 4; lastKnownFileType = sourcecode.c.h; path = HotelsViewController.h; sourceTree = "<group>"; };
		C056BAFE1EAEA4850023D52C /* HotelsViewController.m */ = {isa = PBXFileReference; fileEncoding = 4; lastKnownFileType = sourcecode.c.objc; path = HotelsViewController.m; sourceTree = "<group>"; };
		C056BB031EAEC7DE0023D52C /* RoomsViewController.h */ = {isa = PBXFileReference; fileEncoding = 4; lastKnownFileType = sourcecode.c.h; name = RoomsViewController.h; path = ../RoomsViewController.h; sourceTree = "<group>"; };
		C056BB041EAEC7DE0023D52C /* RoomsViewController.m */ = {isa = PBXFileReference; fileEncoding = 4; lastKnownFileType = sourcecode.c.objc; name = RoomsViewController.m; path = ../RoomsViewController.m; sourceTree = "<group>"; };
		C0ED43491EAFC8AB008882F6 /* DatePickerViewController.h */ = {isa = PBXFileReference; fileEncoding = 4; lastKnownFileType = sourcecode.c.h; path = DatePickerViewController.h; sourceTree = "<group>"; };
		C0ED434A1EAFC8AB008882F6 /* DatePickerViewController.m */ = {isa = PBXFileReference; fileEncoding = 4; lastKnownFileType = sourcecode.c.objc; path = DatePickerViewController.m; sourceTree = "<group>"; };
		C0ED434C1EAFCF99008882F6 /* AvailabilityViewController.h */ = {isa = PBXFileReference; fileEncoding = 4; lastKnownFileType = sourcecode.c.h; path = AvailabilityViewController.h; sourceTree = "<group>"; };
		C0ED434D1EAFCF99008882F6 /* AvailabilityViewController.m */ = {isa = PBXFileReference; fileEncoding = 4; lastKnownFileType = sourcecode.c.objc; path = AvailabilityViewController.m; sourceTree = "<group>"; };
/* End PBXFileReference section */

/* Begin PBXFrameworksBuildPhase section */
		C055E8501EAE5F5D00BF5933 /* Frameworks */ = {
			isa = PBXFrameworksBuildPhase;
			buildActionMask = 2147483647;
			files = (
			);
			runOnlyForDeploymentPostprocessing = 0;
		};
/* End PBXFrameworksBuildPhase section */

/* Begin PBXGroup section */
		C055E84A1EAE5F5D00BF5933 = {
			isa = PBXGroup;
			children = (
				C055E8551EAE5F5D00BF5933 /* CoreDataHotel */,
				C055E8541EAE5F5D00BF5933 /* Products */,
				C055E8751EAE960A00BF5933 /* Controller */,
				C055E8761EAE960D00BF5933 /* View */,
				C055E8771EAE961200BF5933 /* Model */,
			);
			sourceTree = "<group>";
		};
		C055E8541EAE5F5D00BF5933 /* Products */ = {
			isa = PBXGroup;
			children = (
				C055E8531EAE5F5D00BF5933 /* CoreDataHotel.app */,
			);
			name = Products;
			sourceTree = "<group>";
		};
		C055E8551EAE5F5D00BF5933 /* CoreDataHotel */ = {
			isa = PBXGroup;
			children = (
				C055E8561EAE5F5D00BF5933 /* Supporting Files */,
			);
			path = CoreDataHotel;
			sourceTree = "<group>";
		};
		C055E8561EAE5F5D00BF5933 /* Supporting Files */ = {
			isa = PBXGroup;
			children = (
				C055E8571EAE5F5D00BF5933 /* main.m */,
			);
			name = "Supporting Files";
			sourceTree = "<group>";
		};
		C055E8751EAE960A00BF5933 /* Controller */ = {
			isa = PBXGroup;
			children = (
				C055E8591EAE5F5D00BF5933 /* AppDelegate.h */,
				C055E85A1EAE5F5D00BF5933 /* AppDelegate.m */,
				C055E85C1EAE5F5D00BF5933 /* ViewController.h */,
				C055E85D1EAE5F5D00BF5933 /* ViewController.m */,
				C0ED43491EAFC8AB008882F6 /* DatePickerViewController.h */,
				C0ED434A1EAFC8AB008882F6 /* DatePickerViewController.m */,
				C0ED434C1EAFCF99008882F6 /* AvailabilityViewController.h */,
				C0ED434D1EAFCF99008882F6 /* AvailabilityViewController.m */,
				C056BAFD1EAEA4850023D52C /* HotelsViewController.h */,
				C056BAFE1EAEA4850023D52C /* HotelsViewController.m */,
				C056BB031EAEC7DE0023D52C /* RoomsViewController.h */,
				C056BB041EAEC7DE0023D52C /* RoomsViewController.m */,
			);
			name = Controller;
			path = CoreDataHotel;
			sourceTree = "<group>";
		};
		C055E8761EAE960D00BF5933 /* View */ = {
			isa = PBXGroup;
			children = (
				C055E8671EAE5F5D00BF5933 /* LaunchScreen.storyboard */,
				C055E8701EAE6D2B00BF5933 /* AutoLayout.h */,
				C055E8711EAE6D2B00BF5933 /* AutoLayout.m */,
			);
			name = View;
			path = CoreDataHotel;
			sourceTree = "<group>";
		};
		C055E8771EAE961200BF5933 /* Model */ = {
			isa = PBXGroup;
			children = (
				C055E8651EAE5F5D00BF5933 /* Assets.xcassets */,
				C055E86A1EAE5F5D00BF5933 /* Info.plist */,
				C055E8621EAE5F5D00BF5933 /* CoreDataHotel.xcdatamodeld */,
				C055E8731EAE951D00BF5933 /* hotels.json */,
			);
			name = Model;
			path = CoreDataHotel;
			sourceTree = "<group>";
		};
/* End PBXGroup section */

/* Begin PBXNativeTarget section */
		C055E8521EAE5F5D00BF5933 /* CoreDataHotel */ = {
			isa = PBXNativeTarget;
			buildConfigurationList = C055E86D1EAE5F5D00BF5933 /* Build configuration list for PBXNativeTarget "CoreDataHotel" */;
			buildPhases = (
				C055E84F1EAE5F5D00BF5933 /* Sources */,
				C055E8501EAE5F5D00BF5933 /* Frameworks */,
				C055E8511EAE5F5D00BF5933 /* Resources */,
			);
			buildRules = (
			);
			dependencies = (
			);
			name = CoreDataHotel;
			productName = CoreDataHotel;
			productReference = C055E8531EAE5F5D00BF5933 /* CoreDataHotel.app */;
			productType = "com.apple.product-type.application";
		};
/* End PBXNativeTarget section */

/* Begin PBXProject section */
		C055E84B1EAE5F5D00BF5933 /* Project object */ = {
			isa = PBXProject;
			attributes = {
				LastUpgradeCheck = 0830;
				ORGANIZATIONNAME = "Serg Tsogtbaatar";
				TargetAttributes = {
					C055E8521EAE5F5D00BF5933 = {
						CreatedOnToolsVersion = 8.3.1;
						DevelopmentTeam = P42QZ5498J;
						ProvisioningStyle = Automatic;
					};
				};
			};
			buildConfigurationList = C055E84E1EAE5F5D00BF5933 /* Build configuration list for PBXProject "CoreDataHotel" */;
			compatibilityVersion = "Xcode 3.2";
			developmentRegion = English;
			hasScannedForEncodings = 0;
			knownRegions = (
				en,
				Base,
			);
			mainGroup = C055E84A1EAE5F5D00BF5933;
			productRefGroup = C055E8541EAE5F5D00BF5933 /* Products */;
			projectDirPath = "";
			projectRoot = "";
			targets = (
				C055E8521EAE5F5D00BF5933 /* CoreDataHotel */,
			);
		};
/* End PBXProject section */

/* Begin PBXResourcesBuildPhase section */
		C055E8511EAE5F5D00BF5933 /* Resources */ = {
			isa = PBXResourcesBuildPhase;
			buildActionMask = 2147483647;
			files = (
				C055E8741EAE951D00BF5933 /* hotels.json in Resources */,
				C055E8691EAE5F5D00BF5933 /* LaunchScreen.storyboard in Resources */,
				C055E8661EAE5F5D00BF5933 /* Assets.xcassets in Resources */,
			);
			runOnlyForDeploymentPostprocessing = 0;
		};
/* End PBXResourcesBuildPhase section */

/* Begin PBXSourcesBuildPhase section */
		C055E84F1EAE5F5D00BF5933 /* Sources */ = {
			isa = PBXSourcesBuildPhase;
			buildActionMask = 2147483647;
			files = (
				C0ED434B1EAFC8AB008882F6 /* DatePickerViewController.m in Sources */,
				C055E85E1EAE5F5D00BF5933 /* ViewController.m in Sources */,
				C055E8641EAE5F5D00BF5933 /* CoreDataHotel.xcdatamodeld in Sources */,
				C055E85B1EAE5F5D00BF5933 /* AppDelegate.m in Sources */,
				C0ED434E1EAFCF9A008882F6 /* AvailabilityViewController.m in Sources */,
				C056BAFF1EAEA4850023D52C /* HotelsViewController.m in Sources */,
				C056BB051EAEC7DE0023D52C /* RoomsViewController.m in Sources */,
				C055E8581EAE5F5D00BF5933 /* main.m in Sources */,
				C055E8721EAE6D2B00BF5933 /* AutoLayout.m in Sources */,
			);
			runOnlyForDeploymentPostprocessing = 0;
		};
/* End PBXSourcesBuildPhase section */

/* Begin PBXVariantGroup section */
		C055E8671EAE5F5D00BF5933 /* LaunchScreen.storyboard */ = {
			isa = PBXVariantGroup;
			children = (
				C055E8681EAE5F5D00BF5933 /* Base */,
			);
			name = LaunchScreen.storyboard;
			sourceTree = "<group>";
		};
/* End PBXVariantGroup section */

/* Begin XCBuildConfiguration section */
		C055E86B1EAE5F5D00BF5933 /* Debug */ = {
			isa = XCBuildConfiguration;
			buildSettings = {
				ALWAYS_SEARCH_USER_PATHS = NO;
				CLANG_ANALYZER_NONNULL = YES;
				CLANG_ANALYZER_NUMBER_OBJECT_CONVERSION = YES_AGGRESSIVE;
				CLANG_CXX_LANGUAGE_STANDARD = "gnu++0x";
				CLANG_CXX_LIBRARY = "libc++";
				CLANG_ENABLE_MODULES = YES;
				CLANG_ENABLE_OBJC_ARC = YES;
				CLANG_WARN_BOOL_CONVERSION = YES;
				CLANG_WARN_CONSTANT_CONVERSION = YES;
				CLANG_WARN_DIRECT_OBJC_ISA_USAGE = YES_ERROR;
				CLANG_WARN_DOCUMENTATION_COMMENTS = YES;
				CLANG_WARN_EMPTY_BODY = YES;
				CLANG_WARN_ENUM_CONVERSION = YES;
				CLANG_WARN_INFINITE_RECURSION = YES;
				CLANG_WARN_INT_CONVERSION = YES;
				CLANG_WARN_OBJC_ROOT_CLASS = YES_ERROR;
				CLANG_WARN_SUSPICIOUS_MOVE = YES;
				CLANG_WARN_UNREACHABLE_CODE = YES;
				CLANG_WARN__DUPLICATE_METHOD_MATCH = YES;
				"CODE_SIGN_IDENTITY[sdk=iphoneos*]" = "iPhone Developer";
				COPY_PHASE_STRIP = NO;
				DEBUG_INFORMATION_FORMAT = dwarf;
				ENABLE_STRICT_OBJC_MSGSEND = YES;
				ENABLE_TESTABILITY = YES;
				GCC_C_LANGUAGE_STANDARD = gnu99;
				GCC_DYNAMIC_NO_PIC = NO;
				GCC_NO_COMMON_BLOCKS = YES;
				GCC_OPTIMIZATION_LEVEL = 0;
				GCC_PREPROCESSOR_DEFINITIONS = (
					"DEBUG=1",
					"$(inherited)",
				);
				GCC_WARN_64_TO_32_BIT_CONVERSION = YES;
				GCC_WARN_ABOUT_RETURN_TYPE = YES_ERROR;
				GCC_WARN_UNDECLARED_SELECTOR = YES;
				GCC_WARN_UNINITIALIZED_AUTOS = YES_AGGRESSIVE;
				GCC_WARN_UNUSED_FUNCTION = YES;
				GCC_WARN_UNUSED_VARIABLE = YES;
				IPHONEOS_DEPLOYMENT_TARGET = 10.3;
				MTL_ENABLE_DEBUG_INFO = YES;
				ONLY_ACTIVE_ARCH = YES;
				SDKROOT = iphoneos;
			};
			name = Debug;
		};
		C055E86C1EAE5F5D00BF5933 /* Release */ = {
			isa = XCBuildConfiguration;
			buildSettings = {
				ALWAYS_SEARCH_USER_PATHS = NO;
				CLANG_ANALYZER_NONNULL = YES;
				CLANG_ANALYZER_NUMBER_OBJECT_CONVERSION = YES_AGGRESSIVE;
				CLANG_CXX_LANGUAGE_STANDARD = "gnu++0x";
				CLANG_CXX_LIBRARY = "libc++";
				CLANG_ENABLE_MODULES = YES;
				CLANG_ENABLE_OBJC_ARC = YES;
				CLANG_WARN_BOOL_CONVERSION = YES;
				CLANG_WARN_CONSTANT_CONVERSION = YES;
				CLANG_WARN_DIRECT_OBJC_ISA_USAGE = YES_ERROR;
				CLANG_WARN_DOCUMENTATION_COMMENTS = YES;
				CLANG_WARN_EMPTY_BODY = YES;
				CLANG_WARN_ENUM_CONVERSION = YES;
				CLANG_WARN_INFINITE_RECURSION = YES;
				CLANG_WARN_INT_CONVERSION = YES;
				CLANG_WARN_OBJC_ROOT_CLASS = YES_ERROR;
				CLANG_WARN_SUSPICIOUS_MOVE = YES;
				CLANG_WARN_UNREACHABLE_CODE = YES;
				CLANG_WARN__DUPLICATE_METHOD_MATCH = YES;
				"CODE_SIGN_IDENTITY[sdk=iphoneos*]" = "iPhone Developer";
				COPY_PHASE_STRIP = NO;
				DEBUG_INFORMATION_FORMAT = "dwarf-with-dsym";
				ENABLE_NS_ASSERTIONS = NO;
				ENABLE_STRICT_OBJC_MSGSEND = YES;
				GCC_C_LANGUAGE_STANDARD = gnu99;
				GCC_NO_COMMON_BLOCKS = YES;
				GCC_WARN_64_TO_32_BIT_CONVERSION = YES;
				GCC_WARN_ABOUT_RETURN_TYPE = YES_ERROR;
				GCC_WARN_UNDECLARED_SELECTOR = YES;
				GCC_WARN_UNINITIALIZED_AUTOS = YES_AGGRESSIVE;
				GCC_WARN_UNUSED_FUNCTION = YES;
				GCC_WARN_UNUSED_VARIABLE = YES;
				IPHONEOS_DEPLOYMENT_TARGET = 10.3;
				MTL_ENABLE_DEBUG_INFO = NO;
				SDKROOT = iphoneos;
				VALIDATE_PRODUCT = YES;
			};
			name = Release;
		};
		C055E86E1EAE5F5D00BF5933 /* Debug */ = {
			isa = XCBuildConfiguration;
			buildSettings = {
				ASSETCATALOG_COMPILER_APPICON_NAME = AppIcon;
				DEVELOPMENT_TEAM = P42QZ5498J;
				INFOPLIST_FILE = CoreDataHotel/Info.plist;
				LD_RUNPATH_SEARCH_PATHS = "$(inherited) @executable_path/Frameworks";
				PRODUCT_BUNDLE_IDENTIFIER = com.sergtsaeb.CoreDataHotel;
				PRODUCT_NAME = "$(TARGET_NAME)";
			};
			name = Debug;
		};
		C055E86F1EAE5F5D00BF5933 /* Release */ = {
			isa = XCBuildConfiguration;
			buildSettings = {
				ASSETCATALOG_COMPILER_APPICON_NAME = AppIcon;
				DEVELOPMENT_TEAM = P42QZ5498J;
				INFOPLIST_FILE = CoreDataHotel/Info.plist;
				LD_RUNPATH_SEARCH_PATHS = "$(inherited) @executable_path/Frameworks";
				PRODUCT_BUNDLE_IDENTIFIER = com.sergtsaeb.CoreDataHotel;
				PRODUCT_NAME = "$(TARGET_NAME)";
			};
			name = Release;
		};
/* End XCBuildConfiguration section */

/* Begin XCConfigurationList section */
		C055E84E1EAE5F5D00BF5933 /* Build configuration list for PBXProject "CoreDataHotel" */ = {
			isa = XCConfigurationList;
			buildConfigurations = (
				C055E86B1EAE5F5D00BF5933 /* Debug */,
				C055E86C1EAE5F5D00BF5933 /* Release */,
			);
			defaultConfigurationIsVisible = 0;
			defaultConfigurationName = Release;
		};
		C055E86D1EAE5F5D00BF5933 /* Build configuration list for PBXNativeTarget "CoreDataHotel" */ = {
			isa = XCConfigurationList;
			buildConfigurations = (
				C055E86E1EAE5F5D00BF5933 /* Debug */,
				C055E86F1EAE5F5D00BF5933 /* Release */,
			);
			defaultConfigurationIsVisible = 0;
			defaultConfigurationName = Release;
		};
/* End XCConfigurationList section */

/* Begin XCVersionGroup section */
		C055E8621EAE5F5D00BF5933 /* CoreDataHotel.xcdatamodeld */ = {
			isa = XCVersionGroup;
			children = (
				C055E8631EAE5F5D00BF5933 /* CoreDataHotel.xcdatamodel */,
			);
			currentVersion = C055E8631EAE5F5D00BF5933 /* CoreDataHotel.xcdatamodel */;
			path = CoreDataHotel.xcdatamodeld;
			sourceTree = "<group>";
			versionGroupType = wrapper.xcdatamodel;
		};
/* End XCVersionGroup section */
	};
	rootObject = C055E84B1EAE5F5D00BF5933 /* Project object */;
}
